{
  "nodes": {
    "flake-parts": {
      "inputs": {
        "nixpkgs-lib": [
          "mcp-hub",
          "nixpkgs"
        ]
      },
      "locked": {
        "lastModified": 1743550720,
        "narHash": "sha256-hIshGgKZCgWh6AYJpJmRgFdR3WUbkY04o82X05xqQiY=",
        "owner": "hercules-ci",
        "repo": "flake-parts",
        "rev": "c621e8422220273271f52058f618c94e405bb0f5",
        "type": "github"
      },
      "original": {
        "owner": "hercules-ci",
        "repo": "flake-parts",
        "type": "github"
      }
    },
    "mcp-hub": {
      "inputs": {
        "flake-parts": "flake-parts",
        "nixpkgs": [
          "nixpkgs"
        ]
      },
      "locked": {
        "lastModified": 1755841689,
        "narHash": "sha256-KakvXZf0vjdqzyT+LsAKHEr4GLICGXPmxl1hZ3tI7Yg=",
        "owner": "ravitemer",
        "repo": "mcp-hub",
        "rev": "9c7670a4c341ed3cf738a6242c0fde1cea40bccf",
        "type": "github"
      },
      "original": {
        "owner": "ravitemer",
        "repo": "mcp-hub",
        "type": "github"
      }
    },
    "my-packages": {
      "inputs": {
        "nixpkgs": [
          "nixpkgs"
        ],
        "spring-boot-nvim": "spring-boot-nvim",
        "spring-boot-tools": "spring-boot-tools"
      },
      "locked": {
        "path": "./pkgs",
        "type": "path"
      },
      "original": {
        "path": "./pkgs",
        "type": "path"
      },
      "parent": []
    },
    "nixpkgs": {
      "locked": {
        "lastModified": 1773734432,
        "narHash": "sha256-IF5ppUWh6gHGHYDbtVUyhwy/i7D261P7fWD1bPefOsw=",
        "owner": "nixos",
        "repo": "nixpkgs",
        "rev": "cda48547b432e8d3b18b4180ba07473762ec8558",
        "type": "github"
      },
      "original": {
        "owner": "nixos",
        "ref": "nixos-unstable",
        "repo": "nixpkgs",
        "type": "github"
      }
    },
    "nixpkgs_2": {
      "locked": {
        "lastModified": 1773734432,
        "narHash": "sha256-IF5ppUWh6gHGHYDbtVUyhwy/i7D261P7fWD1bPefOsw=",
        "owner": "nixos",
        "repo": "nixpkgs",
        "rev": "cda48547b432e8d3b18b4180ba07473762ec8558",
        "type": "github"
      },
      "original": {
        "owner": "nixos",
        "ref": "nixos-unstable",
        "repo": "nixpkgs",
        "type": "github"
      }
    },
    "nixpkgs_3": {
      "locked": {
        "lastModified": 1773628058,
        "narHash": "sha256-hpXH0z3K9xv0fHaje136KY872VT2T5uwxtezlAskQgY=",
        "owner": "NixOS",
        "repo": "nixpkgs",
        "rev": "f8573b9c935cfaa162dd62cc9e75ae2db86f85df",
        "type": "github"
      },
      "original": {
        "owner": "NixOS",
        "ref": "nixpkgs-unstable",
        "repo": "nixpkgs",
        "type": "github"
      }
    },
    "root": {
      "inputs": {
        "mcp-hub": "mcp-hub",
        "my-packages": "my-packages",
        "nixpkgs": "nixpkgs_3",
        "wrappers": "wrappers"
      }
    },
    "spring-boot-nvim": {
      "inputs": {
        "nixpkgs": "nixpkgs",
        "spring-boot-nvim": "spring-boot-nvim_2"
      },
      "locked": {
        "path": "./spring-boot-nvim",
        "type": "path"
      },
      "original": {
        "path": "./spring-boot-nvim",
        "type": "path"
      },
      "parent": [
        "my-packages"
      ]
    },
    "spring-boot-nvim_2": {
      "flake": false,
      "locked": {
        "lastModified": 1770878995,
        "narHash": "sha256-ioGlxjZIqtNlPedwI/HX3xA3HOWJ50WmWFyYIQPHDrg=",
        "owner": "JavaHello",
        "repo": "spring-boot.nvim",
        "rev": "5d206bdfeb0865ea97bfbc18f9e08e2f26ac4707",
        "type": "github"
      },
      "original": {
        "owner": "JavaHello",
        "repo": "spring-boot.nvim",
        "type": "github"
      }
    },
    "spring-boot-tools": {
      "inputs": {
        "nixpkgs": "nixpkgs_2",
        "spring-boot-tools": "spring-boot-tools_2"
      },
      "locked": {
        "path": "./spring-boot-tools",
        "type": "path"
      },
      "original": {
        "path": "./spring-boot-tools",
        "type": "path"
      },
      "parent": [
        "my-packages"
      ]
    },
    "spring-boot-tools_2": {
      "flake": false,
      "locked": {
        "narHash": "sha256-DoqEGiZcLQTGQm3ROrU952gal8TtTp8OWZeMTPMfGhY=",
        "type": "file",
        "url": "https://github.com/spring-projects/spring-tools/releases/download/5.0.1.RELEASE/vscode-spring-boot-2.0.1-RC1.vsix"
      },
      "original": {
        "type": "file",
        "url": "https://github.com/spring-projects/spring-tools/releases/download/5.0.1.RELEASE/vscode-spring-boot-2.0.1-RC1.vsix"
      }
    },
    "wrappers": {
      "inputs": {
        "nixpkgs": [
          "nixpkgs"
        ]
      },
      "locked": {
        "lastModified": 1773822557,
        "narHash": "sha256-uBS4WOXz0xIJuB8o/hPrAeUGrUW+pBML7TE20AdQL80=",
        "owner": "BirdeeHub",
        "repo": "nix-wrapper-modules",
        "rev": "c40ea0388597621fcff52788ab25a048ee0a5d50",
        "type": "github"
      },
      "original": {
        "owner": "BirdeeHub",
        "repo": "nix-wrapper-modules",
        "type": "github"
      }
    }
  },
  "root": "root",
  "version": 7
}
